// !$*UTF8*$!
{
	archiveVersion = 1;
	classes = {
	};
	objectVersion = 77;
	objects = {

/* Begin PBXBuildFile section */
		DCBF00000000000000000101 /* DualCameraApp.swift in Sources */ = {isa = PBXBuildFile; fileRef = DCFI00000000000000000101 /* DualCameraApp.swift */; };
		DCBF00000000000000000102 /* ContentView.swift in Sources */ = {isa = PBXBuildFile; fileRef = DCFI00000000000000000102 /* ContentView.swift */; };
		DCBF00000000000000000103 /* CameraModels.swift in Sources */ = {isa = PBXBuildFile; fileRef = DCFI00000000000000000104 /* CameraModels.swift */; };
		DCBF00000000000000000104 /* CapabilityReportExporter.swift in Sources */ = {isa = PBXBuildFile; fileRef = DCFI00000000000000000105 /* CapabilityReportExporter.swift */; };
		DCBF00000000000000000105 /* CameraCapabilityScanner.swift in Sources */ = {isa = PBXBuildFile; fileRef = DCFI00000000000000000106 /* CameraCapabilityScanner.swift */; };
		DCBF00000000000000000106 /* PreviewView.swift in Sources */ = {isa = PBXBuildFile; fileRef = DCFI00000000000000000107 /* PreviewView.swift */; };
		DCBF00000000000000000107 /* CameraSessionController.swift in Sources */ = {isa = PBXBuildFile; fileRef = DCFI00000000000000000108 /* CameraSessionController.swift */; };
		DCBF00000000000000000201 /* CameraModelsTests.swift in Sources */ = {isa = PBXBuildFile; fileRef = DCFI00000000000000000201 /* CameraModelsTests.swift */; };
		DCBF00000000000000000202 /* CapabilityReportExporterTests.swift in Sources */ = {isa = PBXBuildFile; fileRef = DCFI00000000000000000202 /* CapabilityReportExporterTests.swift */; };
/* End PBXBuildFile section */

/* Begin PBXContainerItemProxy section */
		DCPR00000000000000000101 /* PBXContainerItemProxy */ = {
			isa = PBXContainerItemProxy;
			containerPortal = DCPJ0000000000000000001 /* Project object */;
			proxyType = 1;
			remoteGlobalIDString = DCAPP0000000000000000001;
			remoteInfo = DualCamera;
		};
/* End PBXContainerItemProxy section */

/* Begin PBXFileReference section */
		DCFR00000000000000000101 /* DualCamera.app */ = {isa = PBXFileReference; explicitFileType = wrapper.application; includeInIndex = 0; path = DualCamera.app; sourceTree = BUILT_PRODUCTS_DIR; };
		DCFR00000000000000000201 /* DualCameraTests.xctest */ = {isa = PBXFileReference; explicitFileType = wrapper.cfbundle; includeInIndex = 0; path = DualCameraTests.xctest; sourceTree = BUILT_PRODUCTS_DIR; };
		DCFI00000000000000000101 /* DualCameraApp.swift */ = {isa = PBXFileReference; lastKnownFileType = sourcecode.swift; path = DualCameraApp.swift; sourceTree = "<group>"; };
		DCFI00000000000000000102 /* ContentView.swift */ = {isa = PBXFileReference; lastKnownFileType = sourcecode.swift; path = ContentView.swift; sourceTree = "<group>"; };
		DCFI00000000000000000103 /* Info.plist */ = {isa = PBXFileReference; lastKnownFileType = text.plist.xml; path = Info.plist; sourceTree = "<group>"; };
		DCFI00000000000000000104 /* CameraModels.swift */ = {isa = PBXFileReference; lastKnownFileType = sourcecode.swift; path = CameraModels.swift; sourceTree = "<group>"; };
		DCFI00000000000000000105 /* CapabilityReportExporter.swift */ = {isa = PBXFileReference; lastKnownFileType = sourcecode.swift; path = CapabilityReportExporter.swift; sourceTree = "<group>"; };
		DCFI00000000000000000106 /* CameraCapabilityScanner.swift */ = {isa = PBXFileReference; lastKnownFileType = sourcecode.swift; path = CameraCapabilityScanner.swift; sourceTree = "<group>"; };
		DCFI00000000000000000107 /* PreviewView.swift */ = {isa = PBXFileReference; lastKnownFileType = sourcecode.swift; path = PreviewView.swift; sourceTree = "<group>"; };
		DCFI00000000000000000108 /* CameraSessionController.swift */ = {isa = PBXFileReference; lastKnownFileType = sourcecode.swift; path = CameraSessionController.swift; sourceTree = "<group>"; };
		DCFI00000000000000000201 /* CameraModelsTests.swift */ = {isa = PBXFileReference; lastKnownFileType = sourcecode.swift; path = CameraModelsTests.swift; sourceTree = "<group>"; };
		DCFI00000000000000000202 /* CapabilityReportExporterTests.swift */ = {isa = PBXFileReference; lastKnownFileType = sourcecode.swift; path = CapabilityReportExporterTests.swift; sourceTree = "<group>"; };
/* End PBXFileReference section */

/* Begin PBXFrameworksBuildPhase section */
		DCFP00000000000000000101 /* Frameworks */ = {
			isa = PBXFrameworksBuildPhase;
			buildActionMask = 2147483647;
			files = (
			);
			runOnlyForDeploymentPostprocessing = 0;
		};
		DCFP00000000000000000201 /* Frameworks */ = {
			isa = PBXFrameworksBuildPhase;
			buildActionMask = 2147483647;
			files = (
			);
			runOnlyForDeploymentPostprocessing = 0;
		};
/* End PBXFrameworksBuildPhase section */

/* Begin PBXGroup section */
		DCGR00000000000000000001 = {
			isa = PBXGroup;
			children = (
				DCGR00000000000000000101 /* DualCamera */,
				DCGR00000000000000000201 /* DualCameraTests */,
				DCGR00000000000000000301 /* Products */,
			);
			sourceTree = "<group>";
		};
		DCGR00000000000000000101 /* DualCamera */ = {
			isa = PBXGroup;
			children = (
				DCGR00000000000000000111 /* App */,
				DCGR00000000000000000112 /* Views */,
				DCGR00000000000000000113 /* Models */,
				DCGR00000000000000000114 /* Services */,
			);
			path = DualCamera;
			sourceTree = "<group>";
		};
		DCGR00000000000000000111 /* App */ = {
			isa = PBXGroup;
			children = (
				DCFI00000000000000000101 /* DualCameraApp.swift */,
				DCFI00000000000000000103 /* Info.plist */,
			);
			path = App;
			sourceTree = "<group>";
		};
		DCGR00000000000000000112 /* Views */ = {
			isa = PBXGroup;
			children = (
				DCFI00000000000000000102 /* ContentView.swift */,
				DCFI00000000000000000107 /* PreviewView.swift */,
			);
			path = Views;
			sourceTree = "<group>";
		};
		DCGR00000000000000000113 /* Models */ = {
			isa = PBXGroup;
			children = (
				DCFI00000000000000000104 /* CameraModels.swift */,
			);
			path = Models;
			sourceTree = "<group>";
		};
		DCGR00000000000000000114 /* Services */ = {
			isa = PBXGroup;
			children = (
				DCFI00000000000000000105 /* CapabilityReportExporter.swift */,
				DCFI00000000000000000106 /* CameraCapabilityScanner.swift */,
				DCFI00000000000000000108 /* CameraSessionController.swift */,
			);
			path = Services;
			sourceTree = "<group>";
		};
		DCGR00000000000000000201 /* DualCameraTests */ = {
			isa = PBXGroup;
			children = (
				DCFI00000000000000000201 /* CameraModelsTests.swift */,
				DCFI00000000000000000202 /* CapabilityReportExporterTests.swift */,
			);
			path = DualCameraTests;
			sourceTree = "<group>";
		};
		DCGR00000000000000000301 /* Products */ = {
			isa = PBXGroup;
			children = (
				DCFR00000000000000000101 /* DualCamera.app */,
				DCFR00000000000000000201 /* DualCameraTests.xctest */,
			);
			name = Products;
			sourceTree = "<group>";
		};
/* End PBXGroup section */

/* Begin PBXNativeTarget section */
		DCAPP0000000000000000001 /* DualCamera */ = {
			isa = PBXNativeTarget;
			buildConfigurationList = DCCL00000000000000000101 /* Build configuration list for PBXNativeTarget "DualCamera" */;
			buildPhases = (
				DCSP00000000000000000101 /* Sources */,
				DCFP00000000000000000101 /* Frameworks */,
				DCRP00000000000000000101 /* Resources */,
			);
			buildRules = (
			);
			dependencies = (
			);
			name = DualCamera;
			productName = DualCamera;
			productReference = DCFR00000000000000000101 /* DualCamera.app */;
			productType = "com.apple.product-type.application";
		};
		DCTEST000000000000000001 /* DualCameraTests */ = {
			isa = PBXNativeTarget;
			buildConfigurationList = DCCL00000000000000000201 /* Build configuration list for PBXNativeTarget "DualCameraTests" */;
			buildPhases = (
				DCSP00000000000000000201 /* Sources */,
				DCFP00000000000000000201 /* Frameworks */,
				DCRP00000000000000000201 /* Resources */,
			);
			buildRules = (
			);
			dependencies = (
				DCTD00000000000000000101 /* PBXTargetDependency */,
			);
			name = DualCameraTests;
			productName = DualCameraTests;
			productReference = DCFR00000000000000000201 /* DualCameraTests.xctest */;
			productType = "com.apple.product-type.bundle.unit-test";
		};
/* End PBXNativeTarget section */

/* Begin PBXProject section */
		DCPJ0000000000000000001 /* Project object */ = {
			isa = PBXProject;
			attributes = {
				BuildIndependentTargetsInParallel = 1;
				LastSwiftUpdateCheck = 2650;
				LastUpgradeCheck = 2650;
				TargetAttributes = {
					DCAPP0000000000000000001 = {
						CreatedOnToolsVersion = 26.5;
					};
					DCTEST000000000000000001 = {
						CreatedOnToolsVersion = 26.5;
						TestTargetID = DCAPP0000000000000000001;
					};
				};
			};
			buildConfigurationList = DCCL00000000000000000001 /* Build configuration list for PBXProject "DualCamera" */;
			developmentRegion = en;
			hasScannedForEncodings = 0;
			knownRegions = (
				en,
				Base,
			);
			mainGroup = DCGR00000000000000000001;
			minimizedProjectReferenceProxies = 1;
			preferredProjectObjectVersion = 77;
			productRefGroup = DCGR00000000000000000301 /* Products */;
			projectDirPath = "";
			projectRoot = "";
			targets = (
				DCAPP0000000000000000001 /* DualCamera */,
				DCTEST000000000000000001 /* DualCameraTests */,
			);
		};
/* End PBXProject section */

/* Begin PBXResourcesBuildPhase section */
		DCRP00000000000000000101 /* Resources */ = {
			isa = PBXResourcesBuildPhase;
			buildActionMask = 2147483647;
			files = (
			);
			runOnlyForDeploymentPostprocessing = 0;
		};
		DCRP00000000000000000201 /* Resources */ = {
			isa = PBXResourcesBuildPhase;
			buildActionMask = 2147483647;
			files = (
			);
			runOnlyForDeploymentPostprocessing = 0;
		};
/* End PBXResourcesBuildPhase section */

/* Begin PBXSourcesBuildPhase section */
		DCSP00000000000000000101 /* Sources */ = {
			isa = PBXSourcesBuildPhase;
			buildActionMask = 2147483647;
			files = (
				DCBF00000000000000000101 /* DualCameraApp.swift in Sources */,
				DCBF00000000000000000102 /* ContentView.swift in Sources */,
				DCBF00000000000000000103 /* CameraModels.swift in Sources */,
				DCBF00000000000000000104 /* CapabilityReportExporter.swift in Sources */,
				DCBF00000000000000000105 /* CameraCapabilityScanner.swift in Sources */,
				DCBF00000000000000000106 /* PreviewView.swift in Sources */,
				DCBF00000000000000000107 /* CameraSessionController.swift in Sources */,
			);
			runOnlyForDeploymentPostprocessing = 0;
		};
		DCSP00000000000000000201 /* Sources */ = {
			isa = PBXSourcesBuildPhase;
			buildActionMask = 2147483647;
			files = (
				DCBF00000000000000000201 /* CameraModelsTests.swift in Sources */,
				DCBF00000000000000000202 /* CapabilityReportExporterTests.swift in Sources */,
			);
			runOnlyForDeploymentPostprocessing = 0;
		};
/* End PBXSourcesBuildPhase section */

/* Begin PBXTargetDependency section */
		DCTD00000000000000000101 /* PBXTargetDependency */ = {
			isa = PBXTargetDependency;
			target = DCAPP0000000000000000001 /* DualCamera */;
			targetProxy = DCPR00000000000000000101 /* PBXContainerItemProxy */;
		};
/* End PBXTargetDependency section */

/* Begin XCBuildConfiguration section */
		DCBC00000000000000000001 /* Debug */ = {
			isa = XCBuildConfiguration;
			buildSettings = {
				ALWAYS_SEARCH_USER_PATHS = NO;
				ASSETCATALOG_COMPILER_GENERATE_SWIFT_ASSET_SYMBOL_EXTENSIONS = YES;
				CLANG_ANALYZER_NONNULL = YES;
				CLANG_ANALYZER_NUMBER_OBJECT_CONVERSION = YES_AGGRESSIVE;
				CLANG_CXX_LANGUAGE_STANDARD = "gnu++20";
				CLANG_ENABLE_MODULES = YES;
				CLANG_ENABLE_OBJC_ARC = YES;
				CLANG_ENABLE_OBJC_WEAK = YES;
				CLANG_WARN_BLOCK_CAPTURE_AUTORELEASING = YES;
				CLANG_WARN_BOOL_CONVERSION = YES;
				CLANG_WARN_COMMA = YES;
				CLANG_WARN_CONSTANT_CONVERSION = YES;
				CLANG_WARN_DEPRECATED_OBJC_IMPLEMENTATIONS = YES;
				CLANG_WARN_DIRECT_OBJC_ISA_USAGE = YES_ERROR;
				CLANG_WARN_DOCUMENTATION_COMMENTS = YES;
				CLANG_WARN_EMPTY_BODY = YES;
				CLANG_WARN_ENUM_CONVERSION = YES;
				CLANG_WARN_INFINITE_RECURSION = YES;
				CLANG_WARN_INT_CONVERSION = YES;
				CLANG_WARN_NON_LITERAL_NULL_CONVERSION = YES;
				CLANG_WARN_OBJC_IMPLICIT_RETAIN_SELF = YES;
				CLANG_WARN_OBJC_LITERAL_CONVERSION = YES;
				CLANG_WARN_OBJC_ROOT_CLASS = YES_ERROR;
				CLANG_WARN_QUOTED_INCLUDE_IN_FRAMEWORK_HEADER = YES;
				CLANG_WARN_RANGE_LOOP_ANALYSIS = YES;
				CLANG_WARN_STRICT_PROTOTYPES = YES;
				CLANG_WARN_SUSPICIOUS_MOVE = YES;
				CLANG_WARN_UNGUARDED_AVAILABILITY = YES_AGGRESSIVE;
				CLANG_WARN_UNREACHABLE_CODE = YES;
				COPY_PHASE_STRIP = NO;
				DEBUG_INFORMATION_FORMAT = dwarf;
				ENABLE_STRICT_OBJC_MSGSEND = YES;
				ENABLE_TESTABILITY = YES;
				ENABLE_USER_SCRIPT_SANDBOXING = YES;
				GCC_C_LANGUAGE_STANDARD = gnu17;
				GCC_DYNAMIC_NO_PIC = NO;
				GCC_NO_COMMON_BLOCKS = YES;
				GCC_OPTIMIZATION_LEVEL = 0;
				GCC_PREPROCESSOR_DEFINITIONS = (
					"DEBUG=1",
					"$(inherited)",
				);
				GCC_WARN_64_TO_32_BIT_CONVERSION = YES;
				GCC_WARN_ABOUT_RETURN_TYPE = YES_ERROR;
				GCC_WARN_UNDECLARED_SELECTOR = YES;
				GCC_WARN_UNINITIALIZED_AUTOS = YES_AGGRESSIVE;
				GCC_WARN_UNUSED_FUNCTION = YES;
				GCC_WARN_UNUSED_VARIABLE = YES;
				IPHONEOS_DEPLOYMENT_TARGET = 17.0;
				LOCALIZATION_PREFERS_STRING_CATALOGS = YES;
				MTL_ENABLE_DEBUG_INFO = INCLUDE_SOURCE;
				MTL_FAST_MATH = YES;
				ONLY_ACTIVE_ARCH = YES;
				SDKROOT = iphoneos;
				SWIFT_ACTIVE_COMPILATION_CONDITIONS = "DEBUG $(inherited)";
				SWIFT_OPTIMIZATION_LEVEL = "-Onone";
			};
			name = Debug;
		};
		DCBC00000000000000000002 /* Release */ = {
			isa = XCBuildConfiguration;
			buildSettings = {
				ALWAYS_SEARCH_USER_PATHS = NO;
				ASSETCATALOG_COMPILER_GENERATE_SWIFT_ASSET_SYMBOL_EXTENSIONS = YES;
				CLANG_ANALYZER_NONNULL = YES;
				CLANG_ANALYZER_NUMBER_OBJECT_CONVERSION = YES_AGGRESSIVE;
				CLANG_CXX_LANGUAGE_STANDARD = "gnu++20";
				CLANG_ENABLE_MODULES = YES;
				CLANG_ENABLE_OBJC_ARC = YES;
				CLANG_ENABLE_OBJC_WEAK = YES;
				CLANG_WARN_BLOCK_CAPTURE_AUTORELEASING = YES;
				CLANG_WARN_BOOL_CONVERSION = YES;
				CLANG_WARN_COMMA = YES;
				CLANG_WARN_CONSTANT_CONVERSION = YES;
				CLANG_WARN_DEPRECATED_OBJC_IMPLEMENTATIONS = YES;
				CLANG_WARN_DIRECT_OBJC_ISA_USAGE = YES_ERROR;
				CLANG_WARN_DOCUMENTATION_COMMENTS = YES;
				CLANG_WARN_EMPTY_BODY = YES;
				CLANG_WARN_ENUM_CONVERSION = YES;
				CLANG_WARN_INFINITE_RECURSION = YES;
				CLANG_WARN_INT_CONVERSION = YES;
				CLANG_WARN_NON_LITERAL_NULL_CONVERSION = YES;
				CLANG_WARN_OBJC_IMPLICIT_RETAIN_SELF = YES;
				CLANG_WARN_OBJC_LITERAL_CONVERSION = YES;
				CLANG_WARN_OBJC_ROOT_CLASS = YES_ERROR;
				CLANG_WARN_QUOTED_INCLUDE_IN_FRAMEWORK_HEADER = YES;
				CLANG_WARN_RANGE_LOOP_ANALYSIS = YES;
				CLANG_WARN_STRICT_PROTOTYPES = YES;
				CLANG_WARN_SUSPICIOUS_MOVE = YES;
				CLANG_WARN_UNGUARDED_AVAILABILITY = YES_AGGRESSIVE;
				CLANG_WARN_UNREACHABLE_CODE = YES;
				COPY_PHASE_STRIP = NO;
				DEBUG_INFORMATION_FORMAT = "dwarf-with-dsym";
				ENABLE_NS_ASSERTIONS = NO;
				ENABLE_STRICT_OBJC_MSGSEND = YES;
				ENABLE_USER_SCRIPT_SANDBOXING = YES;
				GCC_C_LANGUAGE_STANDARD = gnu17;
				GCC_NO_COMMON_BLOCKS = YES;
				GCC_WARN_64_TO_32_BIT_CONVERSION = YES;
				GCC_WARN_ABOUT_RETURN_TYPE = YES_ERROR;
				GCC_WARN_UNDECLARED_SELECTOR = YES;
				GCC_WARN_UNINITIALIZED_AUTOS = YES_AGGRESSIVE;
				GCC_WARN_UNUSED_FUNCTION = YES;
				GCC_WARN_UNUSED_VARIABLE = YES;
				IPHONEOS_DEPLOYMENT_TARGET = 17.0;
				LOCALIZATION_PREFERS_STRING_CATALOGS = YES;
				MTL_ENABLE_DEBUG_INFO = NO;
				MTL_FAST_MATH = YES;
				SDKROOT = iphoneos;
				SWIFT_COMPILATION_MODE = wholemodule;
				VALIDATE_PRODUCT = YES;
			};
			name = Release;
		};
		DCBC00000000000000000101 /* Debug */ = {
			isa = XCBuildConfiguration;
			buildSettings = {
				ASSETCATALOG_COMPILER_APPICON_NAME = AppIcon;
				CODE_SIGN_STYLE = Automatic;
				CURRENT_PROJECT_VERSION = 1;
				DEVELOPMENT_TEAM = J8DAZ6G7DJ;
				GENERATE_INFOPLIST_FILE = NO;
				INFOPLIST_FILE = DualCamera/App/Info.plist;
				IPHONEOS_DEPLOYMENT_TARGET = 17.0;
				LD_RUNPATH_SEARCH_PATHS = (
					"$(inherited)",
					"@executable_path/Frameworks",
				);
				MARKETING_VERSION = 1.0;
				PRODUCT_BUNDLE_IDENTIFIER = com.local.dualcamera;
				PRODUCT_NAME = "$(TARGET_NAME)";
				SWIFT_EMIT_LOC_STRINGS = YES;
				SWIFT_VERSION = 6.0;
				TARGETED_DEVICE_FAMILY = "1,2";
			};
			name = Debug;
		};
		DCBC00000000000000000102 /* Release */ = {
			isa = XCBuildConfiguration;
			buildSettings = {
				ASSETCATALOG_COMPILER_APPICON_NAME = AppIcon;
				CODE_SIGN_STYLE = Automatic;
				CURRENT_PROJECT_VERSION = 1;
				DEVELOPMENT_TEAM = J8DAZ6G7DJ;
				GENERATE_INFOPLIST_FILE = NO;
				INFOPLIST_FILE = DualCamera/App/Info.plist;
				IPHONEOS_DEPLOYMENT_TARGET = 17.0;
				LD_RUNPATH_SEARCH_PATHS = (
					"$(inherited)",
					"@executable_path/Frameworks",
				);
				MARKETING_VERSION = 1.0;
				PRODUCT_BUNDLE_IDENTIFIER = com.local.dualcamera;
				PRODUCT_NAME = "$(TARGET_NAME)";
				SWIFT_EMIT_LOC_STRINGS = YES;
				SWIFT_VERSION = 6.0;
				TARGETED_DEVICE_FAMILY = "1,2";
			};
			name = Release;
		};
		DCBC00000000000000000201 /* Debug */ = {
			isa = XCBuildConfiguration;
			buildSettings = {
				BUNDLE_LOADER = "$(TEST_HOST)";
				CODE_SIGN_STYLE = Automatic;
				CURRENT_PROJECT_VERSION = 1;
				DEVELOPMENT_TEAM = J8DAZ6G7DJ;
				GENERATE_INFOPLIST_FILE = YES;
				IPHONEOS_DEPLOYMENT_TARGET = 17.0;
				LD_RUNPATH_SEARCH_PATHS = (
					"$(inherited)",
					"@executable_path/Frameworks",
					"@loader_path/Frameworks",
				);
				MARKETING_VERSION = 1.0;
				PRODUCT_BUNDLE_IDENTIFIER = com.local.dualcamera.tests;
				PRODUCT_NAME = "$(TARGET_NAME)";
				SWIFT_VERSION = 6.0;
				TARGETED_DEVICE_FAMILY = "1,2";
				TEST_HOST = "$(BUILT_PRODUCTS_DIR)/DualCamera.app/$(BUNDLE_EXECUTABLE_FOLDER_PATH)/DualCamera";
			};
			name = Debug;
		};
		DCBC00000000000000000202 /* Release */ = {
			isa = XCBuildConfiguration;
			buildSettings = {
				BUNDLE_LOADER = "$(TEST_HOST)";
				CODE_SIGN_STYLE = Automatic;
				CURRENT_PROJECT_VERSION = 1;
				DEVELOPMENT_TEAM = J8DAZ6G7DJ;
				GENERATE_INFOPLIST_FILE = YES;
				IPHONEOS_DEPLOYMENT_TARGET = 17.0;
				LD_RUNPATH_SEARCH_PATHS = (
					"$(inherited)",
					"@executable_path/Frameworks",
					"@loader_path/Frameworks",
				);
				MARKETING_VERSION = 1.0;
				PRODUCT_BUNDLE_IDENTIFIER = com.local.dualcamera.tests;
				PRODUCT_NAME = "$(TARGET_NAME)";
				SWIFT_VERSION = 6.0;
				TARGETED_DEVICE_FAMILY = "1,2";
				TEST_HOST = "$(BUILT_PRODUCTS_DIR)/DualCamera.app/$(BUNDLE_EXECUTABLE_FOLDER_PATH)/DualCamera";
			};
			name = Release;
		};
/* End XCBuildConfiguration section */

/* Begin XCConfigurationList section */
		DCCL00000000000000000001 /* Build configuration list for PBXProject "DualCamera" */ = {
			isa = XCConfigurationList;
			buildConfigurations = (
				DCBC00000000000000000001 /* Debug */,
				DCBC00000000000000000002 /* Release */,
			);
			defaultConfigurationIsVisible = 0;
			defaultConfigurationName = Release;
		};
		DCCL00000000000000000101 /* Build configuration list for PBXNativeTarget "DualCamera" */ = {
			isa = XCConfigurationList;
			buildConfigurations = (
				DCBC00000000000000000101 /* Debug */,
				DCBC00000000000000000102 /* Release */,
			);
			defaultConfigurationIsVisible = 0;
			defaultConfigurationName = Release;
		};
		DCCL00000000000000000201 /* Build configuration list for PBXNativeTarget "DualCameraTests" */ = {
			isa = XCConfigurationList;
			buildConfigurations = (
				DCBC00000000000000000201 /* Debug */,
				DCBC00000000000000000202 /* Release */,
			);
			defaultConfigurationIsVisible = 0;
			defaultConfigurationName = Release;
		};
/* End XCConfigurationList section */
	};
	rootObject = DCPJ0000000000000000001 /* Project object */;
}
